
Microsoft Visual Studio Solution File, Format Version 12.00
# Visual Studio 14
VisualStudioVersion = 14.0.23107.0
MinimumVisualStudioVersion = 10.0.40219.1
Project("{FAE04EC0-301F-11D3-BF4B-00C04F79EFBC}") = "Fitness", "Fitness\Fitness.csproj", "{C325895C-A35F-43D7-854B-9B8705A5C28C}"
EndProject
Project("{FAE04EC0-301F-11D3-BF4B-00C04F79EFBC}") = "KampusShop", "..\..\..\Visual Studio 2015\Projects\KampusShop\KampusShop\KampusShop\KampusShop.csproj", "{3402A676-D9B7-4A07-B9A7-262C4A389352}"
EndProject
Project("{FAE04EC0-301F-11D3-BF4B-00C04F79EFBC}") = "Survey", "..\..\..\Visual Studio 2015\Projects\Survey\Survey\Survey.csproj", "{75FD084B-D885-460D-85A4-ABDB3426A6FA}"
EndProject
Global
	GlobalSection(SolutionConfigurationPlatforms) = preSolution
		Debug|Any CPU = Debug|Any CPU
		Release|Any CPU = Release|Any CPU
	EndGlobalSection
	GlobalSection(ProjectConfigurationPlatforms) = postSolution
		{C325895C-A35F-43D7-854B-9B8705A5C28C}.Debug|Any CPU.ActiveCfg = Debug|Any CPU
		{C325895C-A35F-43D7-854B-9B8705A5C28C}.Debug|Any CPU.Build.0 = Debug|Any CPU
		{C325895C-A35F-43D7-854B-9B8705A5C28C}.Release|Any CPU.ActiveCfg = Release|Any CPU
		{C325895C-A35F-43D7-854B-9B8705A5C28C}.Release|Any CPU.Build.0 = Release|Any CPU
		{3402A676-D9B7-4A07-B9A7-262C4A389352}.Debug|Any CPU.ActiveCfg = Debug|Any CPU
		{3402A676-D9B7-4A07-B9A7-262C4A389352}.Debug|Any CPU.Build.0 = Debug|Any CPU
		{3402A676-D9B7-4A07-B9A7-262C4A389352}.Release|Any CPU.ActiveCfg = Release|Any CPU
		{3402A676-D9B7-4A07-B9A7-262C4A389352}.Release|Any CPU.Build.0 = Release|Any CPU
		{75FD084B-D885-460D-85A4-ABDB3426A6FA}.Debug|Any CPU.ActiveCfg = Debug|Any CPU
		{75FD084B-D885-460D-85A4-ABDB3426A6FA}.Debug|Any CPU.Build.0 = Debug|Any CPU
		{75FD084B-D885-460D-85A4-ABDB3426A6FA}.Release|Any CPU.ActiveCfg = Release|Any CPU
		{75FD084B-D885-460D-85A4-ABDB3426A6FA}.Release|Any CPU.Build.0 = Release|Any CPU
	EndGlobalSection
	GlobalSection(SolutionProperties) = preSolution
		HideSolutionNode = FALSE
	EndGlobalSection
EndGlobal
